
Microsoft Visual Studio Solution File, Format Version 12.00
# Visual Studio Version 17
VisualStudioVersion = 17.0.31903.59
MinimumVisualStudioVersion = 10.0.40219.1
Project("{9A19103F-16F7-4668-BE54-9A1E7A4F7556}") = "MyClinic.API", "MyClinic.API\MyClinic.API.csproj", "{62E45FAC-59D4-4EDA-BE3E-B49830DD0F27}"
EndProject
Project("{9A19103F-16F7-4668-BE54-9A1E7A4F7556}") = "MyClinic.Patients.Application", "MyClinic.Patient\MyClinic.Patient.Application\MyClinic.Patients.Application.csproj", "{65A15C2B-1E7F-4150-B00C-E76EDD6B5542}"
EndProject
Project("{9A19103F-16F7-4668-BE54-9A1E7A4F7556}") = "MyClinic.Patients.Domain", "MyClinic.Patient\MyClinic.Patient.Domain\MyClinic.Patients.Domain.csproj", "{EF0F8A49-B470-4E10-ABC2-64E3F6F93FD6}"
EndProject
Project("{9A19103F-16F7-4668-BE54-9A1E7A4F7556}") = "MyClinic.Patients.Persistence", "MyClinic.Patient\MyClinic.Patient.Persistence\MyClinic.Patients.Persistence.csproj", "{CAAADE84-CAB4-45E1-966D-4EB39F11DCDF}"
EndProject
Project("{9A19103F-16F7-4668-BE54-9A1E7A4F7556}") = "MyClinic.Patients.DependencyInjection", "MyClinic.Patient\MyClinic.Patient.DependencyInjection\MyClinic.Patients.DependencyInjection.csproj", "{9EE6A80B-1ABE-4CE5-A346-25165DF9A5CA}"
EndProject
Project("{9A19103F-16F7-4668-BE54-9A1E7A4F7556}") = "MyClinic.Tests", "MyClinic.Tests\MyClinic.Tests.csproj", "{3B2C69D3-E7B5-4528-936C-F27C49FFAB8A}"
EndProject
Project("{9A19103F-16F7-4668-BE54-9A1E7A4F7556}") = "MyClinic.Common", "MyClinic.Common\MyClinic.Common.csproj", "{7BBED327-A57C-4016-AE1B-C2FA8E126C48}"
EndProject
Project("{2150E333-8FDC-42A3-9474-1A3956D46DE8}") = "API", "API", "{7A7FCB15-C18F-46C2-9A60-5D245A7DA727}"
EndProject
Project("{2150E333-8FDC-42A3-9474-1A3956D46DE8}") = "Common", "Common", "{5AB9A9D9-4C33-4E56-ADD7-BB4363449BCC}"
EndProject
Project("{2150E333-8FDC-42A3-9474-1A3956D46DE8}") = "Modules", "Modules", "{88AEB917-8D5E-4E36-87B4-6291D6F730E4}"
EndProject
Project("{2150E333-8FDC-42A3-9474-1A3956D46DE8}") = "Appointments", "Appointments", "{2789E452-C661-45B5-8AC9-3486B3F26AD1}"
EndProject
Project("{2150E333-8FDC-42A3-9474-1A3956D46DE8}") = "Patients", "Patients", "{C69C18DC-CF9A-4D76-82AE-AD7A0473B2B4}"
EndProject
Project("{2150E333-8FDC-42A3-9474-1A3956D46DE8}") = "Doctors", "Doctors", "{7EECECB4-8B89-468F-9A7C-714F117C29DF}"
EndProject
Project("{2150E333-8FDC-42A3-9474-1A3956D46DE8}") = "Procedures", "Procedures", "{9EC83BD8-1B01-4B6F-A90B-97EAF30875DF}"
EndProject
Project("{2150E333-8FDC-42A3-9474-1A3956D46DE8}") = "Notifications", "Notifications", "{A11128FE-21EC-48C4-ADF3-F540ADE24CD8}"
EndProject
Global
	GlobalSection(SolutionConfigurationPlatforms) = preSolution
		Debug|Any CPU = Debug|Any CPU
		Release|Any CPU = Release|Any CPU
	EndGlobalSection
	GlobalSection(ProjectConfigurationPlatforms) = postSolution
		{62E45FAC-59D4-4EDA-BE3E-B49830DD0F27}.Debug|Any CPU.ActiveCfg = Debug|Any CPU
		{62E45FAC-59D4-4EDA-BE3E-B49830DD0F27}.Debug|Any CPU.Build.0 = Debug|Any CPU
		{62E45FAC-59D4-4EDA-BE3E-B49830DD0F27}.Release|Any CPU.ActiveCfg = Release|Any CPU
		{62E45FAC-59D4-4EDA-BE3E-B49830DD0F27}.Release|Any CPU.Build.0 = Release|Any CPU
		{65A15C2B-1E7F-4150-B00C-E76EDD6B5542}.Debug|Any CPU.ActiveCfg = Debug|Any CPU
		{65A15C2B-1E7F-4150-B00C-E76EDD6B5542}.Debug|Any CPU.Build.0 = Debug|Any CPU
		{65A15C2B-1E7F-4150-B00C-E76EDD6B5542}.Release|Any CPU.ActiveCfg = Release|Any CPU
		{65A15C2B-1E7F-4150-B00C-E76EDD6B5542}.Release|Any CPU.Build.0 = Release|Any CPU
		{EF0F8A49-B470-4E10-ABC2-64E3F6F93FD6}.Debug|Any CPU.ActiveCfg = Debug|Any CPU
		{EF0F8A49-B470-4E10-ABC2-64E3F6F93FD6}.Debug|Any CPU.Build.0 = Debug|Any CPU
		{EF0F8A49-B470-4E10-ABC2-64E3F6F93FD6}.Release|Any CPU.ActiveCfg = Release|Any CPU
		{EF0F8A49-B470-4E10-ABC2-64E3F6F93FD6}.Release|Any CPU.Build.0 = Release|Any CPU
		{CAAADE84-CAB4-45E1-966D-4EB39F11DCDF}.Debug|Any CPU.ActiveCfg = Debug|Any CPU
		{CAAADE84-CAB4-45E1-966D-4EB39F11DCDF}.Debug|Any CPU.Build.0 = Debug|Any CPU
		{CAAADE84-CAB4-45E1-966D-4EB39F11DCDF}.Release|Any CPU.ActiveCfg = Release|Any CPU
		{CAAADE84-CAB4-45E1-966D-4EB39F11DCDF}.Release|Any CPU.Build.0 = Release|Any CPU
		{9EE6A80B-1ABE-4CE5-A346-25165DF9A5CA}.Debug|Any CPU.ActiveCfg = Debug|Any CPU
		{9EE6A80B-1ABE-4CE5-A346-25165DF9A5CA}.Debug|Any CPU.Build.0 = Debug|Any CPU
		{9EE6A80B-1ABE-4CE5-A346-25165DF9A5CA}.Release|Any CPU.ActiveCfg = Release|Any CPU
		{9EE6A80B-1ABE-4CE5-A346-25165DF9A5CA}.Release|Any CPU.Build.0 = Release|Any CPU
		{3B2C69D3-E7B5-4528-936C-F27C49FFAB8A}.Debug|Any CPU.ActiveCfg = Debug|Any CPU
		{3B2C69D3-E7B5-4528-936C-F27C49FFAB8A}.Debug|Any CPU.Build.0 = Debug|Any CPU
		{3B2C69D3-E7B5-4528-936C-F27C49FFAB8A}.Release|Any CPU.ActiveCfg = Release|Any CPU
		{3B2C69D3-E7B5-4528-936C-F27C49FFAB8A}.Release|Any CPU.Build.0 = Release|Any CPU
		{7BBED327-A57C-4016-AE1B-C2FA8E126C48}.Debug|Any CPU.ActiveCfg = Debug|Any CPU
		{7BBED327-A57C-4016-AE1B-C2FA8E126C48}.Debug|Any CPU.Build.0 = Debug|Any CPU
		{7BBED327-A57C-4016-AE1B-C2FA8E126C48}.Release|Any CPU.ActiveCfg = Release|Any CPU
		{7BBED327-A57C-4016-AE1B-C2FA8E126C48}.Release|Any CPU.Build.0 = Release|Any CPU
	EndGlobalSection
	GlobalSection(SolutionProperties) = preSolution
		HideSolutionNode = FALSE
	EndGlobalSection
	GlobalSection(NestedProjects) = preSolution
		{62E45FAC-59D4-4EDA-BE3E-B49830DD0F27} = {7A7FCB15-C18F-46C2-9A60-5D245A7DA727}
		{65A15C2B-1E7F-4150-B00C-E76EDD6B5542} = {C69C18DC-CF9A-4D76-82AE-AD7A0473B2B4}
		{EF0F8A49-B470-4E10-ABC2-64E3F6F93FD6} = {C69C18DC-CF9A-4D76-82AE-AD7A0473B2B4}
		{CAAADE84-CAB4-45E1-966D-4EB39F11DCDF} = {C69C18DC-CF9A-4D76-82AE-AD7A0473B2B4}
		{9EE6A80B-1ABE-4CE5-A346-25165DF9A5CA} = {C69C18DC-CF9A-4D76-82AE-AD7A0473B2B4}
		{7BBED327-A57C-4016-AE1B-C2FA8E126C48} = {5AB9A9D9-4C33-4E56-ADD7-BB4363449BCC}
		{2789E452-C661-45B5-8AC9-3486B3F26AD1} = {88AEB917-8D5E-4E36-87B4-6291D6F730E4}
		{C69C18DC-CF9A-4D76-82AE-AD7A0473B2B4} = {88AEB917-8D5E-4E36-87B4-6291D6F730E4}
		{7EECECB4-8B89-468F-9A7C-714F117C29DF} = {88AEB917-8D5E-4E36-87B4-6291D6F730E4}
		{9EC83BD8-1B01-4B6F-A90B-97EAF30875DF} = {88AEB917-8D5E-4E36-87B4-6291D6F730E4}
		{A11128FE-21EC-48C4-ADF3-F540ADE24CD8} = {88AEB917-8D5E-4E36-87B4-6291D6F730E4}
	EndGlobalSection
	GlobalSection(ExtensibilityGlobals) = postSolution
		SolutionGuid = {FE513CA0-68FD-4F80-A5F1-52221F797822}
	EndGlobalSection
EndGlobal
